
Microsoft Visual Studio Solution File, Format Version 12.00
# Visual Studio Version 17
VisualStudioVersion = 17.8.34408.163
MinimumVisualStudioVersion = 10.0.40219.1
Project("{FAE04EC0-301F-11D3-BF4B-00C04F79EFBC}") = "BlazorMatchGame", "BlazorMatchGame.csproj", "{07DEDEDA-282C-4FE7-9214-2449166DDDBB}"
EndProject
Global
	GlobalSection(SolutionConfigurationPlatforms) = preSolution
		Debug|Any CPU = Debug|Any CPU
		Release|Any CPU = Release|Any CPU
	EndGlobalSection
	GlobalSection(ProjectConfigurationPlatforms) = postSolution
		{07DEDEDA-282C-4FE7-9214-2449166DDDBB}.Debug|Any CPU.ActiveCfg = Debug|Any CPU
		{07DEDEDA-282C-4FE7-9214-2449166DDDBB}.Debug|Any CPU.Build.0 = Debug|Any CPU
		{07DEDEDA-282C-4FE7-9214-2449166DDDBB}.Release|Any CPU.ActiveCfg = Release|Any CPU
		{07DEDEDA-282C-4FE7-9214-2449166DDDBB}.Release|Any CPU.Build.0 = Release|Any CPU
	EndGlobalSection
	GlobalSection(SolutionProperties) = preSolution
		HideSolutionNode = FALSE
	EndGlobalSection
	GlobalSection(ExtensibilityGlobals) = postSolution
		SolutionGuid = {919F19C3-A703-4FC5-BEF2-5CD3234D5259}
	EndGlobalSection
EndGlobal
